
Microsoft Visual Studio Solution File, Format Version 12.00
# Visual Studio Version 17
VisualStudioVersion = 17.0.32014.148
MinimumVisualStudioVersion = 10.0.40219.1
Project("{FAE04EC0-301F-11D3-BF4B-00C04F79EFBC}") = "IdentitySample", "IdentitySample\IdentitySample.csproj", "{7919C374-2C0C-46B6-9F7E-03E3C6F987BC}"
EndProject
Global
	GlobalSection(SolutionConfigurationPlatforms) = preSolution
		Debug|Any CPU = Debug|Any CPU
		Release|Any CPU = Release|Any CPU
	EndGlobalSection
	GlobalSection(ProjectConfigurationPlatforms) = postSolution
		{7919C374-2C0C-46B6-9F7E-03E3C6F987BC}.Debug|Any CPU.ActiveCfg = Debug|Any CPU
		{7919C374-2C0C-46B6-9F7E-03E3C6F987BC}.Debug|Any CPU.Build.0 = Debug|Any CPU
		{7919C374-2C0C-46B6-9F7E-03E3C6F987BC}.Release|Any CPU.ActiveCfg = Release|Any CPU
		{7919C374-2C0C-46B6-9F7E-03E3C6F987BC}.Release|Any CPU.Build.0 = Release|Any CPU
	EndGlobalSection
	GlobalSection(SolutionProperties) = preSolution
		HideSolutionNode = FALSE
	EndGlobalSection
	GlobalSection(ExtensibilityGlobals) = postSolution
		SolutionGuid = {7B303B5B-B6D1-4062-903F-F9A41AE14096}
	EndGlobalSection
EndGlobal
